
Microsoft Visual Studio Solution File, Format Version 12.00
# Visual Studio Version 17
VisualStudioVersion = 17.11.35327.3
MinimumVisualStudioVersion = 10.0.40219.1
Project("{FAE04EC0-301F-11D3-BF4B-00C04F79EFBC}") = "ConsoleApp1", "ConsoleApp1\ConsoleApp1.csproj", "{17FE1DE3-0334-43C9-97F2-7D108EC3933D}"
EndProject
Global
	GlobalSection(SolutionConfigurationPlatforms) = preSolution
		Debug|Any CPU = Debug|Any CPU
		Release|Any CPU = Release|Any CPU
	EndGlobalSection
	GlobalSection(ProjectConfigurationPlatforms) = postSolution
		{17FE1DE3-0334-43C9-97F2-7D108EC3933D}.Debug|Any CPU.ActiveCfg = Debug|Any CPU
		{17FE1DE3-0334-43C9-97F2-7D108EC3933D}.Debug|Any CPU.Build.0 = Debug|Any CPU
		{17FE1DE3-0334-43C9-97F2-7D108EC3933D}.Release|Any CPU.ActiveCfg = Release|Any CPU
		{17FE1DE3-0334-43C9-97F2-7D108EC3933D}.Release|Any CPU.Build.0 = Release|Any CPU
	EndGlobalSection
	GlobalSection(SolutionProperties) = preSolution
		HideSolutionNode = FALSE
	EndGlobalSection
	GlobalSection(ExtensibilityGlobals) = postSolution
		SolutionGuid = {BEB88E24-7EAC-47AE-91F3-0D0A697D6AE7}
	EndGlobalSection
EndGlobal
