
Microsoft Visual Studio Solution File, Format Version 12.00
# Visual Studio Version 17
VisualStudioVersion = 17.11.35327.3
MinimumVisualStudioVersion = 10.0.40219.1
Project("{FAE04EC0-301F-11D3-BF4B-00C04F79EFBC}") = "task 4", "task 4\task 4.csproj", "{68B1DECB-ADD6-448E-804D-245DA2EF811D}"
EndProject
Global
	GlobalSection(SolutionConfigurationPlatforms) = preSolution
		Debug|Any CPU = Debug|Any CPU
		Release|Any CPU = Release|Any CPU
	EndGlobalSection
	GlobalSection(ProjectConfigurationPlatforms) = postSolution
		{68B1DECB-ADD6-448E-804D-245DA2EF811D}.Debug|Any CPU.ActiveCfg = Debug|Any CPU
		{68B1DECB-ADD6-448E-804D-245DA2EF811D}.Debug|Any CPU.Build.0 = Debug|Any CPU
		{68B1DECB-ADD6-448E-804D-245DA2EF811D}.Release|Any CPU.ActiveCfg = Release|Any CPU
		{68B1DECB-ADD6-448E-804D-245DA2EF811D}.Release|Any CPU.Build.0 = Release|Any CPU
	EndGlobalSection
	GlobalSection(SolutionProperties) = preSolution
		HideSolutionNode = FALSE
	EndGlobalSection
	GlobalSection(ExtensibilityGlobals) = postSolution
		SolutionGuid = {CDD15F89-4596-46F6-8700-F4234851505D}
	EndGlobalSection
EndGlobal
